# This file is generated by running "yarn install" inside your project.
# Manual changes might be lost - proceed with caution!

__metadata:
  version: 8
  cacheKey: 10c0

"@leichtgewicht/ip-codec@npm:^2.0.1":
  version: 2.0.5
  resolution: "@leichtgewicht/ip-codec@npm:2.0.5"
  checksum: 10c0/14a0112bd59615eef9e3446fea018045720cd3da85a98f801a685a818b0d96ef2a1f7227e8d271def546b2e2a0fe91ef915ba9dc912ab7967d2317b1a051d66b
  languageName: node
  linkType: hard

"Lutron Caseta@workspace:.":
  version: 0.0.0-use.local
  resolution: "Lutron Caseta@workspace:."
  dependencies:
    tinkerhub-mdns: "npm:0.5.1"
  languageName: unknown
  linkType: soft

"atvik@npm:^0.3.1":
  version: 0.3.1
  resolution: "atvik@npm:0.3.1"
  checksum: 10c0/17cf5dad166e883589fbc35d612f4bc5c7d83e8a33bccdac4f9d44c4e35ba0247ab53fbab6071ed118ad80609fa08138d43a69cb4685391f889344e03b8b1eab
  languageName: node
  linkType: hard

"debug@npm:^4.1.1":
  version: 4.4.3
  resolution: "debug@npm:4.4.3"
  dependencies:
    ms: "npm:^2.1.3"
  peerDependenciesMeta:
    supports-color:
      optional: true
  checksum: 10c0/d79136ec6c83ecbefd0f6a5593da6a9c91ec4d7ddc4b54c883d6e71ec9accb5f67a1a5e96d00a328196b5b5c86d365e98d8a3a70856aaf16b4e7b1985e67f5a6
  languageName: node
  linkType: hard

"dns-packet@npm:^5.2.2":
  version: 5.6.1
  resolution: "dns-packet@npm:5.6.1"
  dependencies:
    "@leichtgewicht/ip-codec": "npm:^2.0.1"
  checksum: 10c0/8948d3d03063fb68e04a1e386875f8c3bcc398fc375f535f2b438fad8f41bf1afa6f5e70893ba44f4ae884c089247e0a31045722fa6ff0f01d228da103f1811d
  languageName: node
  linkType: hard

"fast-deep-equal@npm:^2.0.1":
  version: 2.0.1
  resolution: "fast-deep-equal@npm:2.0.1"
  checksum: 10c0/1602e0d6ed63493c865cc6b03f9070d6d3926e8cd086a123060b58f80a295f3f08b1ecfb479ae7c45b7fd45535202aea7cf5b49bc31bffb81c20b1502300be84
  languageName: node
  linkType: hard

"ip-regex@npm:^4.1.0":
  version: 4.3.0
  resolution: "ip-regex@npm:4.3.0"
  checksum: 10c0/f9ef1f5d0df05b9133a882974e572ae525ccd205260cb103dae337f1fc7451ed783391acc6ad688e56dd2598f769e8e72ecbb650ec34763396af822a91768562
  languageName: node
  linkType: hard

"ms@npm:^2.1.3":
  version: 2.1.3
  resolution: "ms@npm:2.1.3"
  checksum: 10c0/d924b57e7312b3b63ad21fc5b3dc0af5e78d61a1fc7cfb5457edaf26326bf62be5307cc87ffb6862ef1c2b33b0233cdb5d4f01c4c958cc0d660948b65a287a48
  languageName: node
  linkType: hard

"multicast-dns-service-types@npm:^1.1.0":
  version: 1.1.0
  resolution: "multicast-dns-service-types@npm:1.1.0"
  checksum: 10c0/25abc0e9ee509f38d874e22b03d563b16009d3976760d29bed25bf70ea992cfe30b0403743f49342279c67178a03311d31ecc1ec54bf79af2e6fe55f11af2660
  languageName: node
  linkType: hard

"multicast-dns@npm:^7.2.0":
  version: 7.2.5
  resolution: "multicast-dns@npm:7.2.5"
  dependencies:
    dns-packet: "npm:^5.2.2"
    thunky: "npm:^1.0.2"
  bin:
    multicast-dns: cli.js
  checksum: 10c0/5120171d4bdb1577764c5afa96e413353bff530d1b37081cb29cccc747f989eb1baf40574fe8e27060fc1aef72b59c042f72b9b208413de33bcf411343c69057
  languageName: node
  linkType: hard

"thunky@npm:^1.0.2":
  version: 1.1.0
  resolution: "thunky@npm:1.1.0"
  checksum: 10c0/369764f39de1ce1de2ba2fa922db4a3f92e9c7f33bcc9a713241bc1f4a5238b484c17e0d36d1d533c625efb00e9e82c3e45f80b47586945557b45abb890156d2
  languageName: node
  linkType: hard

"timer-wheel@npm:^0.3.2":
  version: 0.3.2
  resolution: "timer-wheel@npm:0.3.2"
  checksum: 10c0/1b0ae8cdefb07f52ba5dc6e1049131f9e46bd5f2dc16800a9cb83d2de4a13e72209151bbefd07a052a55e47fa037c0697bc46c5bb6d2d0bb07daaa635f846638
  languageName: node
  linkType: hard

"tinkerhub-discovery@npm:^0.6.0":
  version: 0.6.0
  resolution: "tinkerhub-discovery@npm:0.6.0"
  dependencies:
    atvik: "npm:^0.3.1"
    debug: "npm:^4.1.1"
    fast-deep-equal: "npm:^2.0.1"
    ip-regex: "npm:^4.1.0"
    timer-wheel: "npm:^0.3.2"
  checksum: 10c0/7cd47a108a56414130a4f77079eb1762505a2095ecd4af3d09ad5e6cb292e757833a914418369f9561129a575848b7f232e9a4f2133495a48b0b0ec54b7ccc2d
  languageName: node
  linkType: hard

"tinkerhub-mdns@npm:0.5.1":
  version: 0.5.1
  resolution: "tinkerhub-mdns@npm:0.5.1"
  dependencies:
    atvik: "npm:^0.3.1"
    debug: "npm:^4.1.1"
    fast-deep-equal: "npm:^2.0.1"
    multicast-dns: "npm:^7.2.0"
    multicast-dns-service-types: "npm:^1.1.0"
    timer-wheel: "npm:^0.3.2"
    tinkerhub-discovery: "npm:^0.6.0"
  checksum: 10c0/be656f31ae3b87cdadb80b84726f058e8af0e84dd68d7a78008aa2ee662f09a2b8126ed268798affa739faf80b0580b5e43ecfac8a99baa41fe0ebb9051eb232
  languageName: node
  linkType: hard
