# This file is generated by running "yarn install" inside your project.
# Manual changes might be lost - proceed with caution!

__metadata:
  version: 8
  cacheKey: 10c0

"@microsoft/signalr@npm:8.0.7":
  version: 8.0.7
  resolution: "@microsoft/signalr@npm:8.0.7"
  dependencies:
    abort-controller: "npm:^3.0.0"
    eventsource: "npm:^2.0.2"
    fetch-cookie: "npm:^2.0.3"
    node-fetch: "npm:^2.6.7"
    ws: "npm:^7.4.5"
  checksum: 10c0/f1482081410ac86810f9f91d354f8b63650a9948e98da72315ec411c460f85328d840f7c3bd699cd751cd201d645bf8002bcb79d44bfb32f2fc24754aa45027d
  languageName: node
  linkType: hard

"Metus Technology Player Controller@workspace:.":
  version: 0.0.0-use.local
  resolution: "Metus Technology Player Controller@workspace:."
  dependencies:
    "@microsoft/signalr": "npm:8.0.7"
  languageName: unknown
  linkType: soft

"abort-controller@npm:^3.0.0":
  version: 3.0.0
  resolution: "abort-controller@npm:3.0.0"
  dependencies:
    event-target-shim: "npm:^5.0.0"
  checksum: 10c0/90ccc50f010250152509a344eb2e71977fbf8db0ab8f1061197e3275ddf6c61a41a6edfd7b9409c664513131dd96e962065415325ef23efa5db931b382d24ca5
  languageName: node
  linkType: hard

"event-target-shim@npm:^5.0.0":
  version: 5.0.1
  resolution: "event-target-shim@npm:5.0.1"
  checksum: 10c0/0255d9f936215fd206156fd4caa9e8d35e62075d720dc7d847e89b417e5e62cf1ce6c9b4e0a1633a9256de0efefaf9f8d26924b1f3c8620cffb9db78e7d3076b
  languageName: node
  linkType: hard

"eventsource@npm:^2.0.2":
  version: 2.0.2
  resolution: "eventsource@npm:2.0.2"
  checksum: 10c0/0b8c70b35e45dd20f22ff64b001be9d530e33b92ca8bdbac9e004d0be00d957ab02ef33c917315f59bf2f20b178c56af85c52029bc8e6cc2d61c31d87d943573
  languageName: node
  linkType: hard

"fetch-cookie@npm:^2.0.3":
  version: 2.2.0
  resolution: "fetch-cookie@npm:2.2.0"
  dependencies:
    set-cookie-parser: "npm:^2.4.8"
    tough-cookie: "npm:^4.0.0"
  checksum: 10c0/bb6bec943ae0fc0d442661838b8ecc43310d34b0a2509124f6f79dabae012dd23e54b7827d20236fb0f98fb07fe493460056d70634b59ba7421862a3dfa68dd9
  languageName: node
  linkType: hard

"node-fetch@npm:^2.6.7":
  version: 2.7.0
  resolution: "node-fetch@npm:2.7.0"
  dependencies:
    whatwg-url: "npm:^5.0.0"
  peerDependencies:
    encoding: ^0.1.0
  peerDependenciesMeta:
    encoding:
      optional: true
  checksum: 10c0/b55786b6028208e6fbe594ccccc213cab67a72899c9234eb59dba51062a299ea853210fcf526998eaa2867b0963ad72338824450905679ff0fa304b8c5093ae8
  languageName: node
  linkType: hard

"psl@npm:^1.1.33":
  version: 1.15.0
  resolution: "psl@npm:1.15.0"
  dependencies:
    punycode: "npm:^2.3.1"
  checksum: 10c0/d8d45a99e4ca62ca12ac3c373e63d80d2368d38892daa40cfddaa1eb908be98cd549ac059783ef3a56cfd96d57ae8e2fd9ae53d1378d90d42bc661ff924e102a
  languageName: node
  linkType: hard

"punycode@npm:^2.1.1, punycode@npm:^2.3.1":
  version: 2.3.1
  resolution: "punycode@npm:2.3.1"
  checksum: 10c0/14f76a8206bc3464f794fb2e3d3cc665ae416c01893ad7a02b23766eb07159144ee612ad67af5e84fa4479ccfe67678c4feb126b0485651b302babf66f04f9e9
  languageName: node
  linkType: hard

"querystringify@npm:^2.1.1":
  version: 2.2.0
  resolution: "querystringify@npm:2.2.0"
  checksum: 10c0/3258bc3dbdf322ff2663619afe5947c7926a6ef5fb78ad7d384602974c467fadfc8272af44f5eb8cddd0d011aae8fabf3a929a8eee4b86edcc0a21e6bd10f9aa
  languageName: node
  linkType: hard

"requires-port@npm:^1.0.0":
  version: 1.0.0
  resolution: "requires-port@npm:1.0.0"
  checksum: 10c0/b2bfdd09db16c082c4326e573a82c0771daaf7b53b9ce8ad60ea46aa6e30aaf475fe9b164800b89f93b748d2c234d8abff945d2551ba47bf5698e04cd7713267
  languageName: node
  linkType: hard

"set-cookie-parser@npm:^2.4.8":
  version: 2.7.1
  resolution: "set-cookie-parser@npm:2.7.1"
  checksum: 10c0/060c198c4c92547ac15988256f445eae523f57f2ceefeccf52d30d75dedf6bff22b9c26f756bd44e8e560d44ff4ab2130b178bd2e52ef5571bf7be3bd7632d9a
  languageName: node
  linkType: hard

"tough-cookie@npm:^4.0.0":
  version: 4.1.4
  resolution: "tough-cookie@npm:4.1.4"
  dependencies:
    psl: "npm:^1.1.33"
    punycode: "npm:^2.1.1"
    universalify: "npm:^0.2.0"
    url-parse: "npm:^1.5.3"
  checksum: 10c0/aca7ff96054f367d53d1e813e62ceb7dd2eda25d7752058a74d64b7266fd07be75908f3753a32ccf866a2f997604b414cfb1916d6e7f69bc64d9d9939b0d6c45
  languageName: node
  linkType: hard

"tr46@npm:~0.0.3":
  version: 0.0.3
  resolution: "tr46@npm:0.0.3"
  checksum: 10c0/047cb209a6b60c742f05c9d3ace8fa510bff609995c129a37ace03476a9b12db4dbf975e74600830ef0796e18882b2381fb5fb1f6b4f96b832c374de3ab91a11
  languageName: node
  linkType: hard

"universalify@npm:^0.2.0":
  version: 0.2.0
  resolution: "universalify@npm:0.2.0"
  checksum: 10c0/cedbe4d4ca3967edf24c0800cfc161c5a15e240dac28e3ce575c689abc11f2c81ccc6532c8752af3b40f9120fb5e454abecd359e164f4f6aa44c29cd37e194fe
  languageName: node
  linkType: hard

"url-parse@npm:^1.5.3":
  version: 1.5.10
  resolution: "url-parse@npm:1.5.10"
  dependencies:
    querystringify: "npm:^2.1.1"
    requires-port: "npm:^1.0.0"
  checksum: 10c0/bd5aa9389f896974beb851c112f63b466505a04b4807cea2e5a3b7092f6fbb75316f0491ea84e44f66fed55f1b440df5195d7e3a8203f64fcefa19d182f5be87
  languageName: node
  linkType: hard

"webidl-conversions@npm:^3.0.0":
  version: 3.0.1
  resolution: "webidl-conversions@npm:3.0.1"
  checksum: 10c0/5612d5f3e54760a797052eb4927f0ddc01383550f542ccd33d5238cfd65aeed392a45ad38364970d0a0f4fea32e1f4d231b3d8dac4a3bdd385e5cf802ae097db
  languageName: node
  linkType: hard

"whatwg-url@npm:^5.0.0":
  version: 5.0.0
  resolution: "whatwg-url@npm:5.0.0"
  dependencies:
    tr46: "npm:~0.0.3"
    webidl-conversions: "npm:^3.0.0"
  checksum: 10c0/1588bed84d10b72d5eec1d0faa0722ba1962f1821e7539c535558fb5398d223b0c50d8acab950b8c488b4ba69043fd833cc2697056b167d8ad46fac3995a55d5
  languageName: node
  linkType: hard

"ws@npm:^7.4.5":
  version: 7.5.10
  resolution: "ws@npm:7.5.10"
  peerDependencies:
    bufferutil: ^4.0.1
    utf-8-validate: ^5.0.2
  peerDependenciesMeta:
    bufferutil:
      optional: true
    utf-8-validate:
      optional: true
  checksum: 10c0/bd7d5f4aaf04fae7960c23dcb6c6375d525e00f795dd20b9385902bd008c40a94d3db3ce97d878acc7573df852056ca546328b27b39f47609f80fb22a0a9b61d
  languageName: node
  linkType: hard
