# THIS IS AN AUTOGENERATED FILE. DO NOT EDIT THIS FILE DIRECTLY.
# yarn lockfile v1


"@julusian/freetype2@^1.1.2":
  version "1.1.2"
  resolved "https://registry.yarnpkg.com/@julusian/freetype2/-/freetype2-1.1.2.tgz#c4a4030785214ad1f9b833d78b8571b78afe76a0"
  integrity sha512-Y7JCIE2EIvQtne3J1FY5eweD4GcCGG3nX323Yq2AOGus9/1PGjcxTv8OWL34ONt11kuTMItEt9klddZzIeUHvQ==
  dependencies:
    node-addon-api "^5.0.0"
    pkg-prebuilds "^0.2.1"

alawmulaw@^5.0.2:
  version "5.0.2"
  resolved "https://registry.yarnpkg.com/alawmulaw/-/alawmulaw-5.0.2.tgz#885a914933e3f3bc0bdd67534af669a20f17d4aa"
  integrity sha512-W3bWBB7MwTNGALlAKbOxe+tMNW9DpqGsv1V1idGPzctnBH++eS+Dx3UuucHNe5nk38WvAuy0sgMAbS5idHCArw==

ansi-regex@^5.0.1:
  version "5.0.1"
  resolved "https://registry.yarnpkg.com/ansi-regex/-/ansi-regex-5.0.1.tgz#082cb2c89c9fe8659a311a53bd6a4dc5301db304"
  integrity sha512-quJQXlTSUGL2LH9SUXo8VwsY4soanhgo6LNSm84E1LBcE8s3O0wpdiRzyR9z/ZZJMlMWv37qOOb9pdJlMUEKFQ==

ansi-styles@^4.0.0:
  version "4.3.0"
  resolved "https://registry.yarnpkg.com/ansi-styles/-/ansi-styles-4.3.0.tgz#edd803628ae71c04c85ae7a0906edad34b648937"
  integrity sha512-zbB9rCJAT1rbjiVDb2hqKFHNYLxgtk8NURxZ3IZwD3F6NtxbXZQCnnSi1Lkx+IDohdPlFp222wVALIheZJQSEg==
  dependencies:
    color-convert "^2.0.1"

atem-connection@3.3.0:
  version "3.3.0"
  resolved "https://registry.yarnpkg.com/atem-connection/-/atem-connection-3.3.0.tgz#4c7cd1a3b5ecfd7899481253c83b47b09ad1b126"
  integrity sha512-nJZG4Xq2dierfqTRyskf4q2/u+1+vvZmd6p8lvtI15KsacI6IctejmO9m8MEQGpsqFvJO1CFFxPxWJNXyJ5dHg==
  dependencies:
    "@julusian/freetype2" "^1.1.2"
    debug "^4.3.4"
    eventemitter3 "^4.0.7"
    exit-hook "^2.2.1"
    nanotimer "^0.3.15"
    p-lazy "^3.1.0"
    p-queue "^6.6.2"
    threadedclass "^1.2.1"
    tslib "^2.5.0"
    wavefile "^8.4.4"

base64-arraybuffer-es6@^0.3.1:
  version "0.3.1"
  resolved "https://registry.yarnpkg.com/base64-arraybuffer-es6/-/base64-arraybuffer-es6-0.3.1.tgz#fdf0e382f4e2f56caf881f48ee0ce01ae79afe48"
  integrity sha512-TrhBheudYaff9adiTAqjSScjvtmClQ4vF9l4cqkPNkVsA11m4/NRdH4LkZ/tAMmpzzwfI20BXnJ/PTtafECCNA==

bitdepth@^7.0.2:
  version "7.0.2"
  resolved "https://registry.yarnpkg.com/bitdepth/-/bitdepth-7.0.2.tgz#d9290de0e4b44ce5fc0c29f813c8f49fbdfa2eeb"
  integrity sha512-Ed11TL4IIWyUEoQTfkbRBDCgDNurxYzFgmk30ZU6SgNCsysoEx7UMm+g7SDFHxA2lhLbWyjV8T1ab3z0BtYOAw==

byte-data@^16.0.3:
  version "16.0.3"
  resolved "https://registry.yarnpkg.com/byte-data/-/byte-data-16.0.3.tgz#8abb3e212c9b026790a28c2d6c22fdc0515fd49d"
  integrity sha512-IzV3mzv8OnnzPdb9CoESQr2ikPX/gkHUesRu+vff9XB7KwMxyflPDewtPFWXPvF+Xukl52ceor2IRLbnQZf3PQ==
  dependencies:
    endianness "^8.0.2"
    ieee754-buffer "^0.2.1"
    twos-complement-buffer "0.0.1"
    uint-buffer "^0.1.0"
    utf8-buffer "^0.2.0"

callsites@^3.1.0:
  version "3.1.0"
  resolved "https://registry.yarnpkg.com/callsites/-/callsites-3.1.0.tgz#b3630abd8943432f54b3f0519238e33cd7df2f73"
  integrity sha512-P8BjAsXvZS+VIDUI11hHCQEv74YT67YUi5JJFNWIqL235sBmjX4+qx9Muvls5ivyNENctx46xQLQ3aTuE7ssaQ==

cliui@^8.0.1:
  version "8.0.1"
  resolved "https://registry.yarnpkg.com/cliui/-/cliui-8.0.1.tgz#0c04b075db02cbfe60dc8e6cf2f5486b1a3608aa"
  integrity sha512-BSeNnyus75C4//NQ9gQt1/csTXyo/8Sb+afLAkzAptFuMsod9HFokGNudZpi/oQV73hnVK+sR+5PVRMd+Dr7YQ==
  dependencies:
    string-width "^4.2.0"
    strip-ansi "^6.0.1"
    wrap-ansi "^7.0.0"

color-convert@^2.0.1:
  version "2.0.1"
  resolved "https://registry.yarnpkg.com/color-convert/-/color-convert-2.0.1.tgz#72d3a68d598c9bdb3af2ad1e84f21d896abd4de3"
  integrity sha512-RRECPsj7iu/xb5oKYcsFHSppFNnsj/52OVTRKb4zP5onXwVF3zVmmToNcOfGC+CRDpfK/U584fMg38ZHCaElKQ==
  dependencies:
    color-name "~1.1.4"

color-name@~1.1.4:
  version "1.1.4"
  resolved "https://registry.yarnpkg.com/color-name/-/color-name-1.1.4.tgz#c2a09a87acbde69543de6f63fa3995c826c536a2"
  integrity sha512-dOy+3AuW3a2wNbZHIuMZpTcgjGuLU/uBL/ubcZF9OXbDo8ff4O8yVp5Bf0efS8uEoYo5q4Fx7dY9OgQGXgAsQA==

debug@^4.3.4:
  version "4.3.4"
  resolved "https://registry.yarnpkg.com/debug/-/debug-4.3.4.tgz#1319f6579357f2338d3337d2cdd4914bb5dcc865"
  integrity sha512-PRWFHuSU3eDtQJPvnNY7Jcket1j0t5OuOsFzPPzsekD52Zl8qUfFIPEiswXqIvHWGVHOgX+7G/vCNNhehwxfkQ==
  dependencies:
    ms "2.1.2"

emoji-regex@^8.0.0:
  version "8.0.0"
  resolved "https://registry.yarnpkg.com/emoji-regex/-/emoji-regex-8.0.0.tgz#e818fd69ce5ccfcb404594f842963bf53164cc37"
  integrity sha512-MSjYzcWNOA0ewAHpz0MxpYFvwg6yjy1NG3xteoqz644VCo/RPgnr1/GGt+ic3iJTzQ8Eu3TdM14SawnVUmGE6A==

endianness@^8.0.2:
  version "8.0.2"
  resolved "https://registry.yarnpkg.com/endianness/-/endianness-8.0.2.tgz#e35d16bbe80b6ff94fbc199168dd234d9f78168e"
  integrity sha512-IU+77+jJ7lpw2qZ3NUuqBZFy3GuioNgXUdsL1L9tooDNTaw0TgOnwNuc+8Ns+haDaTifK97QLzmOANJtI/rGvw==

escalade@^3.1.1:
  version "3.1.1"
  resolved "https://registry.yarnpkg.com/escalade/-/escalade-3.1.1.tgz#d8cfdc7000965c5a0174b4a82eaa5c0552742e40"
  integrity sha512-k0er2gUkLf8O0zKJiAhmkTnJlTvINGv7ygDNPbeIsX/TJjGJZHuh9B2UxbsaEkmlEo9MfhrSzmhIlhRlI2GXnw==

eventemitter3@^4.0.4, eventemitter3@^4.0.7:
  version "4.0.7"
  resolved "https://registry.yarnpkg.com/eventemitter3/-/eventemitter3-4.0.7.tgz#2de9b68f6528d5644ef5c59526a1b4a07306169f"
  integrity sha512-8guHBZCwKnFhYdHr2ysuRWErTwhoN2X8XELRlrRwpmfeY2jjuUN4taQMsULKUVo1K4DvZl+0pgfyoysHxvmvEw==

exit-hook@^2.2.1:
  version "2.2.1"
  resolved "https://registry.yarnpkg.com/exit-hook/-/exit-hook-2.2.1.tgz#007b2d92c6428eda2b76e7016a34351586934593"
  integrity sha512-eNTPlAD67BmP31LDINZ3U7HSF8l57TxOY2PmBJ1shpCvpnxBF93mWCE8YHBnXs8qiUZJc9WDcWIeC3a2HIAMfw==

get-caller-file@^2.0.5:
  version "2.0.5"
  resolved "https://registry.yarnpkg.com/get-caller-file/-/get-caller-file-2.0.5.tgz#4f94412a82db32f36e3b0b9741f8a97feb031f7e"
  integrity sha512-DyFP3BM/3YHTQOCUL/w0OZHR0lpKeGrxotcHWcqNEdnltqFwXVfhEBQ94eIo34AfQpo0rGki4cyIiftY06h2Fg==

ieee754-buffer@^0.2.1:
  version "0.2.1"
  resolved "https://registry.yarnpkg.com/ieee754-buffer/-/ieee754-buffer-0.2.1.tgz#7e0d7d381d228de949f06b71f1cfd971691271f6"
  integrity sha512-dDlJhYk8BAmH1HDncTjCt6xOm2+kT+MxGhRKB+mUoF8nocDzPAgZPEWTRI9QgkGvbDkbJgCqyxweGlIV0yhbUQ==

imaadpcm@^4.1.2:
  version "4.1.2"
  resolved "https://registry.yarnpkg.com/imaadpcm/-/imaadpcm-4.1.2.tgz#8757742610004bc2aba1181919f899abd6a9b413"
  integrity sha512-7gwxe6lKCGitmkMtGbm1ecnt0Q59KcWwo7AVi2RAd3lQ9VghVN5zX5x3oK6xNhfD9KUMbaYzku43UBn3Ix3RIA==

is-fullwidth-code-point@^3.0.0:
  version "3.0.0"
  resolved "https://registry.yarnpkg.com/is-fullwidth-code-point/-/is-fullwidth-code-point-3.0.0.tgz#f116f8064fe90b3f7844a38997c0b75051269f1d"
  integrity sha512-zymm5+u+sCsSWyD9qNaejV3DFvhCKclKdizYaJUuHA83RLjb7nSuGnddCHGv0hk+KY7BMAlsWeK4Ueg6EV6XQg==

is-running@^2.1.0:
  version "2.1.0"
  resolved "https://registry.yarnpkg.com/is-running/-/is-running-2.1.0.tgz#30a73ff5cc3854e4fc25490809e9f5abf8de09e0"
  integrity sha512-mjJd3PujZMl7j+D395WTIO5tU5RIDBfVSRtRR4VOJou3H66E38UjbjvDGh3slJzPuolsb+yQFqwHNNdyp5jg3w==

ms@2.1.2:
  version "2.1.2"
  resolved "https://registry.yarnpkg.com/ms/-/ms-2.1.2.tgz#d09d1f357b443f493382a8eb3ccd183872ae6009"
  integrity sha512-sGkPx+VjMtmA6MX27oA4FBFELFCZZ4S4XqeGOXCv68tT+jb3vk/RyaKWP0PTKyWtmLSM0b+adUTEvbs1PEaH2w==

nanotimer@^0.3.15:
  version "0.3.15"
  resolved "https://registry.yarnpkg.com/nanotimer/-/nanotimer-0.3.15.tgz#280d277db9146eca6f8a570b572abaf2a9acc754"
  integrity sha512-xj8HcwceqeRbfSuwNIzYhdbyZu3zoiHX3y2cyVB/cLn0RzVCI8ZZVQLZELEUMG2tYEsjqbCLb3b4q1lDC7ENnA==

node-addon-api@^5.0.0:
  version "5.1.0"
  resolved "https://registry.yarnpkg.com/node-addon-api/-/node-addon-api-5.1.0.tgz#49da1ca055e109a23d537e9de43c09cca21eb762"
  integrity sha512-eh0GgfEkpnoWDq+VY8OyvYhFEzBk6jIYbRKdIlyTiAXIVJ8PyBaKb0rp7oDtoddbdoHWhq8wwr+XZ81F1rpNdA==

p-finally@^1.0.0:
  version "1.0.0"
  resolved "https://registry.yarnpkg.com/p-finally/-/p-finally-1.0.0.tgz#3fbcfb15b899a44123b34b6dcc18b724336a2cae"
  integrity sha512-LICb2p9CB7FS+0eR1oqWnHhp0FljGLZCWBE9aix0Uye9W8LTQPwMTYVGWQWIw9RdQiDg4+epXQODwIYJtSJaow==

p-lazy@^3.1.0:
  version "3.1.0"
  resolved "https://registry.yarnpkg.com/p-lazy/-/p-lazy-3.1.0.tgz#4b1e40482b7ee87853abbcf31824ff64e1816d61"
  integrity sha512-sCJn0Cdahs6G6SX9+DUihVFUhrzDEduzE5xeViVBGtoqy5dBWko7W8T6Kk6TjR2uevRXJO7CShfWrqdH5s3w3g==

p-queue@^6.6.2:
  version "6.6.2"
  resolved "https://registry.yarnpkg.com/p-queue/-/p-queue-6.6.2.tgz#2068a9dcf8e67dd0ec3e7a2bcb76810faa85e426"
  integrity sha512-RwFpb72c/BhQLEXIZ5K2e+AhgNVmIejGlTgiB9MzZ0e93GRvqZ7uSi0dvRF7/XIXDeNkra2fNHBxTyPDGySpjQ==
  dependencies:
    eventemitter3 "^4.0.4"
    p-timeout "^3.2.0"

p-timeout@^3.2.0:
  version "3.2.0"
  resolved "https://registry.yarnpkg.com/p-timeout/-/p-timeout-3.2.0.tgz#c7e17abc971d2a7962ef83626b35d635acf23dfe"
  integrity sha512-rhIwUycgwwKcP9yTOOFK/AKsAopjjCakVqLHePO3CC6Mir1Z99xT+R63jZxAT5lFZLa2inS5h+ZS2GvR99/FBg==
  dependencies:
    p-finally "^1.0.0"

pkg-prebuilds@^0.2.1:
  version "0.2.1"
  resolved "https://registry.yarnpkg.com/pkg-prebuilds/-/pkg-prebuilds-0.2.1.tgz#4b91f410ab600df4eb657634d623549cc188c5ed"
  integrity sha512-FdOlDiRqRL7i9aYzQflhGWCoiJf/8u6Qgzq48gKsRDYejtfjvGb1U5QGSzllcqpNg2a8Swx/9fMgtuVefwU+zw==
  dependencies:
    yargs "^17.5.1"

require-directory@^2.1.1:
  version "2.1.1"
  resolved "https://registry.yarnpkg.com/require-directory/-/require-directory-2.1.1.tgz#8c64ad5fd30dab1c976e2344ffe7f792a6a6df42"
  integrity sha512-fGxEI7+wsG9xrvdjsrlmL22OMTTiHRwAMroiEeMgq8gzoLC/PQr7RsRDSTLUg/bZAZtF+TVIkHc6/4RIKrui+Q==

string-width@^4.1.0, string-width@^4.2.0, string-width@^4.2.3:
  version "4.2.3"
  resolved "https://registry.yarnpkg.com/string-width/-/string-width-4.2.3.tgz#269c7117d27b05ad2e536830a8ec895ef9c6d010"
  integrity sha512-wKyQRQpjJ0sIp62ErSZdGsjMJWsap5oRNihHhu6G7JVO/9jIB6UyevL+tXuOqrng8j/cxKTWyWUwvSTriiZz/g==
  dependencies:
    emoji-regex "^8.0.0"
    is-fullwidth-code-point "^3.0.0"
    strip-ansi "^6.0.1"

strip-ansi@^6.0.0, strip-ansi@^6.0.1:
  version "6.0.1"
  resolved "https://registry.yarnpkg.com/strip-ansi/-/strip-ansi-6.0.1.tgz#9e26c63d30f53443e9489495b2105d37b67a85d9"
  integrity sha512-Y38VPSHcqkFrCpFnQ9vuSXmquuv5oXOKpGeT6aGrr3o3Gc9AlVa6JBfUSOCnbxGGZF+/0ooI7KrPuUSztUdU5A==
  dependencies:
    ansi-regex "^5.0.1"

threadedclass@^1.2.1:
  version "1.2.1"
  resolved "https://registry.yarnpkg.com/threadedclass/-/threadedclass-1.2.1.tgz#1ce1316f6835cec238edabba75421e654f2c5572"
  integrity sha512-b8dUXW0K3dUWYrQakKhXvY/Owrnd3p+NKTI0BVEuAU/o7PsLupoNDCadK6V3WwyVLKCy0CS/d1xBmc6uZNPgOw==
  dependencies:
    callsites "^3.1.0"
    eventemitter3 "^4.0.4"
    is-running "^2.1.0"
    tslib "^1.13.0"

tslib@^1.13.0:
  version "1.14.1"
  resolved "https://registry.yarnpkg.com/tslib/-/tslib-1.14.1.tgz#cf2d38bdc34a134bcaf1091c41f6619e2f672d00"
  integrity sha512-Xni35NKzjgMrwevysHTCArtLDpPvye8zV/0E4EyYn43P7/7qvQwPh9BGkHewbMulVntbigmcT7rdX3BNo9wRJg==

tslib@^2.5.0:
  version "2.6.2"
  resolved "https://registry.yarnpkg.com/tslib/-/tslib-2.6.2.tgz#703ac29425e7b37cd6fd456e92404d46d1f3e4ae"
  integrity sha512-AEYxH93jGFPn/a2iVAwW87VuUIkR1FVUKB77NwMF7nBTDkDrrT/Hpt/IrCJ0QXhW27jTBDcf5ZY7w6RiqTMw2Q==

twos-complement-buffer@0.0.1:
  version "0.0.1"
  resolved "https://registry.yarnpkg.com/twos-complement-buffer/-/twos-complement-buffer-0.0.1.tgz#e461a248d5c14a6d90afd031b2677f31da127d29"
  integrity sha512-Ev3p2GfB2GO8pcyb7jIvctS9RAjSZrF/K+u5s3KN00ajY11Dda2oMqI72nXaHVU7doGYNXc0mJG6exWAbmzZiA==
  dependencies:
    uint-buffer "^0.1.0"

uint-buffer@^0.1.0:
  version "0.1.0"
  resolved "https://registry.yarnpkg.com/uint-buffer/-/uint-buffer-0.1.0.tgz#35f2f59fa253d338affcdb6f377750642bd1cf59"
  integrity sha512-7xjpjCTijFIXAMxN7OMRfykpCMVfbCrlAmAt2RIlihvkHgvkNV5DBFzyc8OpIQeVpRXJkgXBwmKos4hD8DrX1g==

utf8-buffer@^0.2.0:
  version "0.2.0"
  resolved "https://registry.yarnpkg.com/utf8-buffer/-/utf8-buffer-0.2.0.tgz#a4530a606d9d2b0348456a393eaf836b62fed2f3"
  integrity sha512-DygDeOmOPQRjxnnv8LdfjoSQgG9EgJFH1m/1QcrKkDOxzoOcLLqZ2ONzRYHmiRqJYQYnAvV+zv2Wgk5tXjr4aA==

wavefile@^8.4.4:
  version "8.4.6"
  resolved "https://registry.yarnpkg.com/wavefile/-/wavefile-8.4.6.tgz#8c99809df1a344edb12839da69e588bf53c7e483"
  integrity sha512-mKvPtkXTFE3U8Uo8qJr/hCJP3booCI09vsoWY3OHrdKB+8ZefO/5/wSRZSbPSgFDB+WWn3Am3c01h/sguTYuyA==
  dependencies:
    alawmulaw "^5.0.2"
    base64-arraybuffer-es6 "^0.3.1"
    bitdepth "^7.0.2"
    byte-data "^16.0.3"
    imaadpcm "^4.1.2"

wrap-ansi@^7.0.0:
  version "7.0.0"
  resolved "https://registry.yarnpkg.com/wrap-ansi/-/wrap-ansi-7.0.0.tgz#67e145cff510a6a6984bdf1152911d69d2eb9e43"
  integrity sha512-YVGIj2kamLSTxw6NsZjoBxfSwsn0ycdesmc4p+Q21c5zPuZ1pl+NfxVdxPtdHvmNVOQ6XSYG4AUtyt/Fi7D16Q==
  dependencies:
    ansi-styles "^4.0.0"
    string-width "^4.1.0"
    strip-ansi "^6.0.0"

y18n@^5.0.5:
  version "5.0.8"
  resolved "https://registry.yarnpkg.com/y18n/-/y18n-5.0.8.tgz#7f4934d0f7ca8c56f95314939ddcd2dd91ce1d55"
  integrity sha512-0pfFzegeDWJHJIAmTLRP2DwHjdF5s7jo9tuztdQxAhINCdvS+3nGINqPd00AphqJR/0LhANUS6/+7SCb98YOfA==

yargs-parser@^21.1.1:
  version "21.1.1"
  resolved "https://registry.yarnpkg.com/yargs-parser/-/yargs-parser-21.1.1.tgz#9096bceebf990d21bb31fa9516e0ede294a77d35"
  integrity sha512-tVpsJW7DdjecAiFpbIB1e3qxIQsE6NoPc5/eTdrbbIC4h0LVsWhnoa3g+m2HclBIujHzsxZ4VJVA+GUuc2/LBw==

yargs@^17.5.1:
  version "17.7.2"
  resolved "https://registry.yarnpkg.com/yargs/-/yargs-17.7.2.tgz#991df39aca675a192b816e1e0363f9d75d2aa269"
  integrity sha512-7dSzzRQ++CKnNI/krKnYRV7JKKPUXMEh61soaHKg9mrWEhzFWhFnxPxGl+69cD1Ou63C13NUPCnmIcrvqCuM6w==
  dependencies:
    cliui "^8.0.1"
    escalade "^3.1.1"
    get-caller-file "^2.0.5"
    require-directory "^2.1.1"
    string-width "^4.2.3"
    y18n "^5.0.5"
    yargs-parser "^21.1.1"
